
Microsoft Visual Studio Solution File, Format Version 12.00
# Visual Studio Version 17
VisualStudioVersion = 17.4.33205.214
MinimumVisualStudioVersion = 10.0.40219.1
Project("{FAE04EC0-301F-11D3-BF4B-00C04F79EFBC}") = "LAB1_TP", "LAB1_TP\LAB1_TP.csproj", "{28069EFE-16B1-4EF8-A023-A8285C1DECD5}"
EndProject
Global
	GlobalSection(SolutionConfigurationPlatforms) = preSolution
		Debug|Any CPU = Debug|Any CPU
		Release|Any CPU = Release|Any CPU
	EndGlobalSection
	GlobalSection(ProjectConfigurationPlatforms) = postSolution
		{28069EFE-16B1-4EF8-A023-A8285C1DECD5}.Debug|Any CPU.ActiveCfg = Debug|Any CPU
		{28069EFE-16B1-4EF8-A023-A8285C1DECD5}.Debug|Any CPU.Build.0 = Debug|Any CPU
		{28069EFE-16B1-4EF8-A023-A8285C1DECD5}.Release|Any CPU.ActiveCfg = Release|Any CPU
		{28069EFE-16B1-4EF8-A023-A8285C1DECD5}.Release|Any CPU.Build.0 = Release|Any CPU
	EndGlobalSection
	GlobalSection(SolutionProperties) = preSolution
		HideSolutionNode = FALSE
	EndGlobalSection
	GlobalSection(ExtensibilityGlobals) = postSolution
		SolutionGuid = {0E421643-0AE6-484E-AD96-6027E36E9DE8}
	EndGlobalSection
EndGlobal
